
Microsoft Visual Studio Solution File, Format Version 12.00
# Visual Studio Version 17
VisualStudioVersion = 17.5.33627.172
MinimumVisualStudioVersion = 10.0.40219.1
Project("{FAE04EC0-301F-11D3-BF4B-00C04F79EFBC}") = "Fet on Time.Android", "Fet on Time\Fet on Time.Android\Fet on Time.Android.csproj", "{0EA1AFBE-4CEF-41F3-A15A-144653BEB978}"
EndProject
Project("{FAE04EC0-301F-11D3-BF4B-00C04F79EFBC}") = "Fet on Time", "Fet on Time\Fet on Time\Fet on Time.csproj", "{F94DE839-23F7-4DA7-BC74-7F4474242849}"
EndProject
Global
	GlobalSection(SolutionConfigurationPlatforms) = preSolution
		Debug|Any CPU = Debug|Any CPU
		Release|Any CPU = Release|Any CPU
	EndGlobalSection
	GlobalSection(ProjectConfigurationPlatforms) = postSolution
		{0EA1AFBE-4CEF-41F3-A15A-144653BEB978}.Debug|Any CPU.ActiveCfg = Debug|Any CPU
		{0EA1AFBE-4CEF-41F3-A15A-144653BEB978}.Debug|Any CPU.Build.0 = Debug|Any CPU
		{0EA1AFBE-4CEF-41F3-A15A-144653BEB978}.Debug|Any CPU.Deploy.0 = Debug|Any CPU
		{0EA1AFBE-4CEF-41F3-A15A-144653BEB978}.Release|Any CPU.ActiveCfg = Release|Any CPU
		{0EA1AFBE-4CEF-41F3-A15A-144653BEB978}.Release|Any CPU.Build.0 = Release|Any CPU
		{0EA1AFBE-4CEF-41F3-A15A-144653BEB978}.Release|Any CPU.Deploy.0 = Release|Any CPU
		{F94DE839-23F7-4DA7-BC74-7F4474242849}.Debug|Any CPU.ActiveCfg = Debug|Any CPU
		{F94DE839-23F7-4DA7-BC74-7F4474242849}.Debug|Any CPU.Build.0 = Debug|Any CPU
		{F94DE839-23F7-4DA7-BC74-7F4474242849}.Debug|Any CPU.Deploy.0 = Debug|Any CPU
		{F94DE839-23F7-4DA7-BC74-7F4474242849}.Release|Any CPU.ActiveCfg = Release|Any CPU
		{F94DE839-23F7-4DA7-BC74-7F4474242849}.Release|Any CPU.Build.0 = Release|Any CPU
		{F94DE839-23F7-4DA7-BC74-7F4474242849}.Release|Any CPU.Deploy.0 = Release|Any CPU
	EndGlobalSection
	GlobalSection(SolutionProperties) = preSolution
		HideSolutionNode = FALSE
	EndGlobalSection
	GlobalSection(ExtensibilityGlobals) = postSolution
		SolutionGuid = {FF9B34B9-A1A1-4647-A481-DDB0FBFE5262}
	EndGlobalSection
EndGlobal
